// !$*UTF8*$!
{
	archiveVersion = 1;
	classes = {
	};
	objectVersion = 46;
	objects = {

/* Begin PBXBuildFile section */
		453FF7AB1E286D4D00770AA0 /* AppDelegate.swift in Sources */ = {isa = PBXBuildFile; fileRef = 453FF7AA1E286D4D00770AA0 /* AppDelegate.swift */; };
		453FF7AD1E286D4D00770AA0 /* ViewController.swift in Sources */ = {isa = PBXBuildFile; fileRef = 453FF7AC1E286D4D00770AA0 /* ViewController.swift */; };
		453FF7AF1E286D4D00770AA0 /* Assets.xcassets in Resources */ = {isa = PBXBuildFile; fileRef = 453FF7AE1E286D4D00770AA0 /* Assets.xcassets */; };
		453FF7B21E286D4D00770AA0 /* Main.storyboard in Resources */ = {isa = PBXBuildFile; fileRef = 453FF7B01E286D4D00770AA0 /* Main.storyboard */; };
/* End PBXBuildFile section */

/* Begin PBXFileReference section */
		453FF7A71E286D4D00770AA0 /* TableViewCustomDemo.app */ = {isa = PBXFileReference; explicitFileType = wrapper.application; includeInIndex = 0; path = TableViewCustomDemo.app; sourceTree = BUILT_PRODUCTS_DIR; };
		453FF7AA1E286D4D00770AA0 /* AppDelegate.swift */ = {isa = PBXFileReference; lastKnownFileType = sourcecode.swift; path = AppDelegate.swift; sourceTree = "<group>"; };
		453FF7AC1E286D4D00770AA0 /* ViewController.swift */ = {isa = PBXFileReference; lastKnownFileType = sourcecode.swift; path = ViewController.swift; sourceTree = "<group>"; };
		453FF7AE1E286D4D00770AA0 /* Assets.xcassets */ = {isa = PBXFileReference; lastKnownFileType = folder.assetcatalog; path = Assets.xcassets; sourceTree = "<group>"; };
		453FF7B11E286D4D00770AA0 /* Base */ = {isa = PBXFileReference; lastKnownFileType = file.storyboard; name = Base; path = Base.lproj/Main.storyboard; sourceTree = "<group>"; };
		453FF7B31E286D4D00770AA0 /* Info.plist */ = {isa = PBXFileReference; lastKnownFileType = text.plist.xml; path = Info.plist; sourceTree = "<group>"; };
/* End PBXFileReference section */

/* Begin PBXFrameworksBuildPhase section */
		453FF7A41E286D4D00770AA0 /* Frameworks */ = {
			isa = PBXFrameworksBuildPhase;
			buildActionMask = 2147483647;
			files = (
			);
			runOnlyForDeploymentPostprocessing = 0;
		};
/* End PBXFrameworksBuildPhase section */

/* Begin PBXGroup section */
		453FF79E1E286D4D00770AA0 = {
			isa = PBXGroup;
			children = (
				453FF7A91E286D4D00770AA0 /* TableViewCustomDemo */,
				453FF7A81E286D4D00770AA0 /* Products */,
			);
			sourceTree = "<group>";
		};
		453FF7A81E286D4D00770AA0 /* Products */ = {
			isa = PBXGroup;
			children = (
				453FF7A71E286D4D00770AA0 /* TableViewCustomDemo.app */,
			);
			name = Products;
			sourceTree = "<group>";
		};
		453FF7A91E286D4D00770AA0 /* TableViewCustomDemo */ = {
			isa = PBXGroup;
			children = (
				453FF7AA1E286D4D00770AA0 /* AppDelegate.swift */,
				453FF7AC1E286D4D00770AA0 /* ViewController.swift */,
				453FF7AE1E286D4D00770AA0 /* Assets.xcassets */,
				453FF7B01E286D4D00770AA0 /* Main.storyboard */,
				453FF7B31E286D4D00770AA0 /* Info.plist */,
			);
			path = TableViewCustomDemo;
			sourceTree = "<group>";
		};
/* End PBXGroup section */

/* Begin PBXNativeTarget section */
		453FF7A61E286D4D00770AA0 /* TableViewCustomDemo */ = {
			isa = PBXNativeTarget;
			buildConfigurationList = 453FF7B61E286D4D00770AA0 /* Build configuration list for PBXNativeTarget "TableViewCustomDemo" */;
			buildPhases = (
				453FF7A31E286D4D00770AA0 /* Sources */,
				453FF7A41E286D4D00770AA0 /* Frameworks */,
				453FF7A51E286D4D00770AA0 /* Resources */,
			);
			buildRules = (
			);
			dependencies = (
			);
			name = TableViewCustomDemo;
			productName = TableViewCustomDemo;
			productReference = 453FF7A71E286D4D00770AA0 /* TableViewCustomDemo.app */;
			productType = "com.apple.product-type.application";
		};
/* End PBXNativeTarget section */

/* Begin PBXProject section */
		453FF79F1E286D4D00770AA0 /* Project object */ = {
			isa = PBXProject;
			attributes = {
				LastSwiftUpdateCheck = 0820;
				LastUpgradeCheck = 0820;
				ORGANIZATIONNAME = HamGuy;
				TargetAttributes = {
					453FF7A61E286D4D00770AA0 = {
						CreatedOnToolsVersion = 8.2;
						DevelopmentTeam = 985NN8Z5PP;
						ProvisioningStyle = Automatic;
					};
				};
			};
			buildConfigurationList = 453FF7A21E286D4D00770AA0 /* Build configuration list for PBXProject "TableViewCustomDemo" */;
			compatibilityVersion = "Xcode 3.2";
			developmentRegion = English;
			hasScannedForEncodings = 0;
			knownRegions = (
				en,
				Base,
			);
			mainGroup = 453FF79E1E286D4D00770AA0;
			productRefGroup = 453FF7A81E286D4D00770AA0 /* Products */;
			projectDirPath = "";
			projectRoot = "";
			targets = (
				453FF7A61E286D4D00770AA0 /* TableViewCustomDemo */,
			);
		};
/* End PBXProject section */

/* Begin PBXResourcesBuildPhase section */
		453FF7A51E286D4D00770AA0 /* Resources */ = {
			isa = PBXResourcesBuildPhase;
			buildActionMask = 2147483647;
			files = (
				453FF7AF1E286D4D00770AA0 /* Assets.xcassets in Resources */,
				453FF7B21E286D4D00770AA0 /* Main.storyboard in Resources */,
			);
			runOnlyForDeploymentPostprocessing = 0;
		};
/* End PBXResourcesBuildPhase section */

/* Begin PBXSourcesBuildPhase section */
		453FF7A31E286D4D00770AA0 /* Sources */ = {
			isa = PBXSourcesBuildPhase;
			buildActionMask = 2147483647;
			files = (
				453FF7AD1E286D4D00770AA0 /* ViewController.swift in Sources */,
				453FF7AB1E286D4D00770AA0 /* AppDelegate.swift in Sources */,
			);
			runOnlyForDeploymentPostprocessing = 0;
		};
/* End PBXSourcesBuildPhase section */

/* Begin PBXVariantGroup section */
		453FF7B01E286D4D00770AA0 /* Main.storyboard */ = {
			isa = PBXVariantGroup;
			children = (
				453FF7B11E286D4D00770AA0 /* Base */,
			);
			name = Main.storyboard;
			sourceTree = "<group>";
		};
/* End PBXVariantGroup section */

/* Begin XCBuildConfiguration section */
		453FF7B41E286D4D00770AA0 /* Debug */ = {
			isa = XCBuildConfiguration;
			buildSettings = {
				ALWAYS_SEARCH_USER_PATHS = NO;
				CLANG_ANALYZER_NONNULL = YES;
				CLANG_CXX_LANGUAGE_STANDARD = "gnu++0x";
				CLANG_CXX_LIBRARY = "libc++";
				CLANG_ENABLE_MODULES = YES;
				CLANG_ENABLE_OBJC_ARC = YES;
				CLANG_WARN_BOOL_CONVERSION = YES;
				CLANG_WARN_CONSTANT_CONVERSION = YES;
				CLANG_WARN_DIRECT_OBJC_ISA_USAGE = YES_ERROR;
				CLANG_WARN_DOCUMENTATION_COMMENTS = YES;
				CLANG_WARN_EMPTY_BODY = YES;
				CLANG_WARN_ENUM_CONVERSION = YES;
				CLANG_WARN_INFINITE_RECURSION = YES;
				CLANG_WARN_INT_CONVERSION = YES;
				CLANG_WARN_OBJC_ROOT_CLASS = YES_ERROR;
				CLANG_WARN_SUSPICIOUS_MOVE = YES;
				CLANG_WARN_UNREACHABLE_CODE = YES;
				CLANG_WARN__DUPLICATE_METHOD_MATCH = YES;
				CODE_SIGN_IDENTITY = "-";
				COPY_PHASE_STRIP = NO;
				DEBUG_INFORMATION_FORMAT = dwarf;
				ENABLE_STRICT_OBJC_MSGSEND = YES;
				ENABLE_TESTABILITY = YES;
				GCC_C_LANGUAGE_STANDARD = gnu99;
				GCC_DYNAMIC_NO_PIC = NO;
				GCC_NO_COMMON_BLOCKS = YES;
				GCC_OPTIMIZATION_LEVEL = 0;
				GCC_PREPROCESSOR_DEFINITIONS = (
					"DEBUG=1",
					"$(inherited)",
				);
				GCC_WARN_64_TO_32_BIT_CONVERSION = YES;
				GCC_WARN_ABOUT_RETURN_TYPE = YES_ERROR;
				GCC_WARN_UNDECLARED_SELECTOR = YES;
				GCC_WARN_UNINITIALIZED_AUTOS = YES_AGGRESSIVE;
				GCC_WARN_UNUSED_FUNCTION = YES;
				GCC_WARN_UNUSED_VARIABLE = YES;
				MACOSX_DEPLOYMENT_TARGET = 10.12;
				MTL_ENABLE_DEBUG_INFO = YES;
				ONLY_ACTIVE_ARCH = YES;
				SDKROOT = macosx;
				SWIFT_ACTIVE_COMPILATION_CONDITIONS = DEBUG;
				SWIFT_OPTIMIZATION_LEVEL = "-Onone";
			};
			name = Debug;
		};
		453FF7B51E286D4D00770AA0 /* Release */ = {
			isa = XCBuildConfiguration;
			buildSettings = {
				ALWAYS_SEARCH_USER_PATHS = NO;
				CLANG_ANALYZER_NONNULL = YES;
				CLANG_CXX_LANGUAGE_STANDARD = "gnu++0x";
				CLANG_CXX_LIBRARY = "libc++";
				CLANG_ENABLE_MODULES = YES;
				CLANG_ENABLE_OBJC_ARC = YES;
				CLANG_WARN_BOOL_CONVERSION = YES;
				CLANG_WARN_CONSTANT_CONVERSION = YES;
				CLANG_WARN_DIRECT_OBJC_ISA_USAGE = YES_ERROR;
				CLANG_WARN_DOCUMENTATION_COMMENTS = YES;
				CLANG_WARN_EMPTY_BODY = YES;
				CLANG_WARN_ENUM_CONVERSION = YES;
				CLANG_WARN_INFINITE_RECURSION = YES;
				CLANG_WARN_INT_CONVERSION = YES;
				CLANG_WARN_OBJC_ROOT_CLASS = YES_ERROR;
				CLANG_WARN_SUSPICIOUS_MOVE = YES;
				CLANG_WARN_UNREACHABLE_CODE = YES;
				CLANG_WARN__DUPLICATE_METHOD_MATCH = YES;
				CODE_SIGN_IDENTITY = "-";
				COPY_PHASE_STRIP = NO;
				DEBUG_INFORMATION_FORMAT = "dwarf-with-dsym";
				ENABLE_NS_ASSERTIONS = NO;
				ENABLE_STRICT_OBJC_MSGSEND = YES;
				GCC_C_LANGUAGE_STANDARD = gnu99;
				GCC_NO_COMMON_BLOCKS = YES;
				GCC_WARN_64_TO_32_BIT_CONVERSION = YES;
				GCC_WARN_ABOUT_RETURN_TYPE = YES_ERROR;
				GCC_WARN_UNDECLARED_SELECTOR = YES;
				GCC_WARN_UNINITIALIZED_AUTOS = YES_AGGRESSIVE;
				GCC_WARN_UNUSED_FUNCTION = YES;
				GCC_WARN_UNUSED_VARIABLE = YES;
				MACOSX_DEPLOYMENT_TARGET = 10.12;
				MTL_ENABLE_DEBUG_INFO = NO;
				SDKROOT = macosx;
				SWIFT_OPTIMIZATION_LEVEL = "-Owholemodule";
			};
			name = Release;
		};
		453FF7B71E286D4D00770AA0 /* Debug */ = {
			isa = XCBuildConfiguration;
			buildSettings = {
				ASSETCATALOG_COMPILER_APPICON_NAME = AppIcon;
				COMBINE_HIDPI_IMAGES = YES;
				DEVELOPMENT_TEAM = 985NN8Z5PP;
				INFOPLIST_FILE = TableViewCustomDemo/Info.plist;
				LD_RUNPATH_SEARCH_PATHS = "$(inherited) @executable_path/../Frameworks";
				PRODUCT_BUNDLE_IDENTIFIER = net.hamguy.TableViewCustomDemo;
				PRODUCT_NAME = "$(TARGET_NAME)";
				SWIFT_VERSION = 3.0;
			};
			name = Debug;
		};
		453FF7B81E286D4D00770AA0 /* Release */ = {
			isa = XCBuildConfiguration;
			buildSettings = {
				ASSETCATALOG_COMPILER_APPICON_NAME = AppIcon;
				COMBINE_HIDPI_IMAGES = YES;
				DEVELOPMENT_TEAM = 985NN8Z5PP;
				INFOPLIST_FILE = TableViewCustomDemo/Info.plist;
				LD_RUNPATH_SEARCH_PATHS = "$(inherited) @executable_path/../Frameworks";
				PRODUCT_BUNDLE_IDENTIFIER = net.hamguy.TableViewCustomDemo;
				PRODUCT_NAME = "$(TARGET_NAME)";
				SWIFT_VERSION = 3.0;
			};
			name = Release;
		};
/* End XCBuildConfiguration section */

/* Begin XCConfigurationList section */
		453FF7A21E286D4D00770AA0 /* Build configuration list for PBXProject "TableViewCustomDemo" */ = {
			isa = XCConfigurationList;
			buildConfigurations = (
				453FF7B41E286D4D00770AA0 /* Debug */,
				453FF7B51E286D4D00770AA0 /* Release */,
			);
			defaultConfigurationIsVisible = 0;
			defaultConfigurationName = Release;
		};
		453FF7B61E286D4D00770AA0 /* Build configuration list for PBXNativeTarget "TableViewCustomDemo" */ = {
			isa = XCConfigurationList;
			buildConfigurations = (
				453FF7B71E286D4D00770AA0 /* Debug */,
				453FF7B81E286D4D00770AA0 /* Release */,
			);
			defaultConfigurationIsVisible = 0;
		};
/* End XCConfigurationList section */
	};
	rootObject = 453FF79F1E286D4D00770AA0 /* Project object */;
}
